
Microsoft Visual Studio Solution File, Format Version 12.00
# Visual Studio 15
VisualStudioVersion = 15.0.27703.2042
MinimumVisualStudioVersion = 10.0.40219.1
Project("{FAE04EC0-301F-11D3-BF4B-00C04F79EFBC}") = "GoodPracticesChallenge", "GoodPracticesChallenge\GoodPracticesChallenge.csproj", "{9CA6C845-A9E6-43E1-B5A7-3DF5019E2136}"
EndProject
Project("{FAE04EC0-301F-11D3-BF4B-00C04F79EFBC}") = "TestingGoodPractices", "TestingGoodPractices\TestingGoodPractices.csproj", "{D9FB9738-EF05-47FD-AA38-0F03AE24EDB4}"
EndProject
Project("{FAE04EC0-301F-11D3-BF4B-00C04F79EFBC}") = "GoodPracticesREST", "GoodPracticesREST\GoodPracticesREST.csproj", "{66A67AF5-6DC9-4B2D-9049-D6E82B739E8F}"
	ProjectSection(ProjectDependencies) = postProject
		{D9FB9738-EF05-47FD-AA38-0F03AE24EDB4} = {D9FB9738-EF05-47FD-AA38-0F03AE24EDB4}
		{9CA6C845-A9E6-43E1-B5A7-3DF5019E2136} = {9CA6C845-A9E6-43E1-B5A7-3DF5019E2136}
	EndProjectSection
EndProject
Global
	GlobalSection(SolutionConfigurationPlatforms) = preSolution
		Debug|Any CPU = Debug|Any CPU
		Release|Any CPU = Release|Any CPU
	EndGlobalSection
	GlobalSection(ProjectConfigurationPlatforms) = postSolution
		{9CA6C845-A9E6-43E1-B5A7-3DF5019E2136}.Debug|Any CPU.ActiveCfg = Debug|Any CPU
		{9CA6C845-A9E6-43E1-B5A7-3DF5019E2136}.Debug|Any CPU.Build.0 = Debug|Any CPU
		{9CA6C845-A9E6-43E1-B5A7-3DF5019E2136}.Release|Any CPU.ActiveCfg = Release|Any CPU
		{9CA6C845-A9E6-43E1-B5A7-3DF5019E2136}.Release|Any CPU.Build.0 = Release|Any CPU
		{D9FB9738-EF05-47FD-AA38-0F03AE24EDB4}.Debug|Any CPU.ActiveCfg = Debug|Any CPU
		{D9FB9738-EF05-47FD-AA38-0F03AE24EDB4}.Debug|Any CPU.Build.0 = Debug|Any CPU
		{D9FB9738-EF05-47FD-AA38-0F03AE24EDB4}.Release|Any CPU.ActiveCfg = Release|Any CPU
		{D9FB9738-EF05-47FD-AA38-0F03AE24EDB4}.Release|Any CPU.Build.0 = Release|Any CPU
		{66A67AF5-6DC9-4B2D-9049-D6E82B739E8F}.Debug|Any CPU.ActiveCfg = Debug|Any CPU
		{66A67AF5-6DC9-4B2D-9049-D6E82B739E8F}.Debug|Any CPU.Build.0 = Debug|Any CPU
		{66A67AF5-6DC9-4B2D-9049-D6E82B739E8F}.Release|Any CPU.ActiveCfg = Release|Any CPU
		{66A67AF5-6DC9-4B2D-9049-D6E82B739E8F}.Release|Any CPU.Build.0 = Release|Any CPU
	EndGlobalSection
	GlobalSection(SolutionProperties) = preSolution
		HideSolutionNode = FALSE
	EndGlobalSection
	GlobalSection(ExtensibilityGlobals) = postSolution
		SolutionGuid = {6C3B0C51-5CD3-4AA0-9B1E-7CB9B637900F}
	EndGlobalSection
EndGlobal
